# Generated by buf. DO NOT EDIT.
version: v2
deps:
  - name: buf.build/astria/execution-apis
    commit: 40ecc9b0ed444d83a5be537f9689fe05
    digest: b5:634868d76a2df49746040b3c9b32941e5a80ed15fe9cdf8d62e5bc446b123b4f8041c83d4851b80a8ef9d6a41fbe5d12bdcb52a98ddc120ec893f7d41170c2cb
  - name: buf.build/astria/primitives
    commit: 9a039a6ed8db45db8a7574fee055672b
    digest: b5:a80ad31e934356d44071d39d585dddb79cec0655b8b3bf00bfde4086f08d62a6ebf3ae681223f72690cb123204f659ef992e498e5d73edc64ed9bf8ecedc6711
  - name: buf.build/astria/sequencerblock-apis
    commit: e54e1c9ad40549398d2d1e5b357cb766
    digest: b5:a9d3acae4a5498c276ef8d94786a54fbd9c384c497509a0bdeb777623f50207c4707350a66a98e3948e5373f523e927bcf5a24fa263baa1c7ba048d856f3d7da
  - name: buf.build/googleapis/googleapis
    commit: 4ed3bc159a8b4ac68fe253218760d035
    digest: b5:74a7798987b123218c004cf28543a2835e432ca04a69de99cd394a29dbad24d9ed38344f0b7c97ad6476039506c4eb38c2f4a8eef9cec3da2e38e4216a22d495
